{
  "lockfileVersion": 1,
  "workspaces": {
    "": {
      "name": "wrap-it-up-plugin-bundles",
      "dependencies": {
        "@tauri-apps/plugin-dialog": "~2.7.0",
        "@tauri-apps/plugin-fs": "~2.5.0",
        "@tauri-apps/plugin-haptics": "~2.3.0",
      },
    },
  },
  "packages": {
    "@tauri-apps/api": ["@tauri-apps/api@2.11.0", "", {}, "sha512-7CinYODhky9lmO23xHnUFv0Xt43fbtWMyxZcLcRBlFkcgXKuEirBvHpmtJ89YMhyeGcq20Wuc47Fa4XjyniywA=="],

    "@tauri-apps/plugin-dialog": ["@tauri-apps/plugin-dialog@2.7.1", "", { "dependencies": { "@tauri-apps/api": "^2.11.0" } }, "sha512-OK1UBXYt+ojcmxMktzzuyonYIFta8CmAASpX+CA+DTGK24KlHjhYI6x2iOJ/TjZF4N7/ACK1oFmEOjIY9IhzOQ=="],

    "@tauri-apps/plugin-fs": ["@tauri-apps/plugin-fs@2.5.1", "", { "dependencies": { "@tauri-apps/api": "^2.11.0" } }, "sha512-9Lz+Jopp6QyeEWhlpkMx4R/+P9HgR+AVAI4vOZhlT8Xaymtz8iVI/Ov984/XTqgJz/5gz5NretqPB/XEMS3NhQ=="],

    "@tauri-apps/plugin-haptics": ["@tauri-apps/plugin-haptics@2.3.2", "", { "dependencies": { "@tauri-apps/api": "^2.8.0" } }, "sha512-TqvBR5JoPodDQWPXsNymmyqp37dOpunZOdVVbx5xOAxki7rVwiCMvoEPdtJQNIrU+dQDfkQYZ2oDBVOu4hf+ig=="],
  }
}
